
Microsoft Visual Studio Solution File, Format Version 12.00
# Visual Studio Version 17
VisualStudioVersion = 17.0.31903.59
MinimumVisualStudioVersion = 10.0.40219.1
Project("{9A19103F-16F7-4668-BE54-9A1E7A4F7556}") = "FastBIRe", "src\FastBIRe\FastBIRe.csproj", "{88D37194-E745-44A8-9C3F-9E6D5815FDE1}"
EndProject
Project("{9A19103F-16F7-4668-BE54-9A1E7A4F7556}") = "DatabaseSchemaReader", "dbschemareader\DatabaseSchemaReader\DatabaseSchemaReader.csproj", "{4AE55B6F-4A1B-4E22-BD21-B2B4F313E9E5}"
EndProject
Project("{2150E333-8FDC-42A3-9474-1A3956D46DE8}") = "samples", "samples", "{2D35BDB8-3710-4FD9-B301-2DCE4C0DA736}"
EndProject
Project("{9A19103F-16F7-4668-BE54-9A1E7A4F7556}") = "FastBIRe.Sample", "samples\FastBIRe.Sample\FastBIRe.Sample.csproj", "{F26B60BB-8D36-4157-A04A-71DEF61F5DE5}"
EndProject
Project("{9A19103F-16F7-4668-BE54-9A1E7A4F7556}") = "FastBIRe.MinSample", "samples\FastBIRe.MinSample\FastBIRe.MinSample.csproj", "{061FD1E0-D001-413A-9488-9878E7F7C0F4}"
EndProject
Project("{FAE04EC0-301F-11D3-BF4B-00C04F79EFBC}") = "FastBIRe.Project", "src\FastBIRe.Project\FastBIRe.Project.csproj", "{7DE6DD1F-F46C-45E3-B18A-8463F051934D}"
EndProject
Project("{FAE04EC0-301F-11D3-BF4B-00C04F79EFBC}") = "FastBIRe.Project.Sample", "samples\FastBIRe.Project.Sample\FastBIRe.Project.Sample.csproj", "{B7254AE4-C42D-4643-B986-F11521AD8B6D}"
EndProject
Global
	GlobalSection(SolutionConfigurationPlatforms) = preSolution
		Debug|Any CPU = Debug|Any CPU
		Net4|Any CPU = Net4|Any CPU
		net45|Any CPU = net45|Any CPU
		Release|Any CPU = Release|Any CPU
	EndGlobalSection
	GlobalSection(ProjectConfigurationPlatforms) = postSolution
		{88D37194-E745-44A8-9C3F-9E6D5815FDE1}.Debug|Any CPU.ActiveCfg = Debug|Any CPU
		{88D37194-E745-44A8-9C3F-9E6D5815FDE1}.Debug|Any CPU.Build.0 = Debug|Any CPU
		{88D37194-E745-44A8-9C3F-9E6D5815FDE1}.Net4|Any CPU.ActiveCfg = Debug|Any CPU
		{88D37194-E745-44A8-9C3F-9E6D5815FDE1}.Net4|Any CPU.Build.0 = Debug|Any CPU
		{88D37194-E745-44A8-9C3F-9E6D5815FDE1}.net45|Any CPU.ActiveCfg = Debug|Any CPU
		{88D37194-E745-44A8-9C3F-9E6D5815FDE1}.net45|Any CPU.Build.0 = Debug|Any CPU
		{88D37194-E745-44A8-9C3F-9E6D5815FDE1}.Release|Any CPU.ActiveCfg = Release|Any CPU
		{88D37194-E745-44A8-9C3F-9E6D5815FDE1}.Release|Any CPU.Build.0 = Release|Any CPU
		{4AE55B6F-4A1B-4E22-BD21-B2B4F313E9E5}.Debug|Any CPU.ActiveCfg = Debug|Any CPU
		{4AE55B6F-4A1B-4E22-BD21-B2B4F313E9E5}.Debug|Any CPU.Build.0 = Debug|Any CPU
		{4AE55B6F-4A1B-4E22-BD21-B2B4F313E9E5}.Net4|Any CPU.ActiveCfg = Net4|Any CPU
		{4AE55B6F-4A1B-4E22-BD21-B2B4F313E9E5}.Net4|Any CPU.Build.0 = Net4|Any CPU
		{4AE55B6F-4A1B-4E22-BD21-B2B4F313E9E5}.net45|Any CPU.ActiveCfg = net45|Any CPU
		{4AE55B6F-4A1B-4E22-BD21-B2B4F313E9E5}.net45|Any CPU.Build.0 = net45|Any CPU
		{4AE55B6F-4A1B-4E22-BD21-B2B4F313E9E5}.Release|Any CPU.ActiveCfg = Release|Any CPU
		{4AE55B6F-4A1B-4E22-BD21-B2B4F313E9E5}.Release|Any CPU.Build.0 = Release|Any CPU
		{F26B60BB-8D36-4157-A04A-71DEF61F5DE5}.Debug|Any CPU.ActiveCfg = Debug|Any CPU
		{F26B60BB-8D36-4157-A04A-71DEF61F5DE5}.Debug|Any CPU.Build.0 = Debug|Any CPU
		{F26B60BB-8D36-4157-A04A-71DEF61F5DE5}.Net4|Any CPU.ActiveCfg = Debug|Any CPU
		{F26B60BB-8D36-4157-A04A-71DEF61F5DE5}.Net4|Any CPU.Build.0 = Debug|Any CPU
		{F26B60BB-8D36-4157-A04A-71DEF61F5DE5}.net45|Any CPU.ActiveCfg = Debug|Any CPU
		{F26B60BB-8D36-4157-A04A-71DEF61F5DE5}.net45|Any CPU.Build.0 = Debug|Any CPU
		{F26B60BB-8D36-4157-A04A-71DEF61F5DE5}.Release|Any CPU.ActiveCfg = Release|Any CPU
		{F26B60BB-8D36-4157-A04A-71DEF61F5DE5}.Release|Any CPU.Build.0 = Release|Any CPU
		{061FD1E0-D001-413A-9488-9878E7F7C0F4}.Debug|Any CPU.ActiveCfg = Debug|Any CPU
		{061FD1E0-D001-413A-9488-9878E7F7C0F4}.Debug|Any CPU.Build.0 = Debug|Any CPU
		{061FD1E0-D001-413A-9488-9878E7F7C0F4}.Net4|Any CPU.ActiveCfg = Debug|Any CPU
		{061FD1E0-D001-413A-9488-9878E7F7C0F4}.Net4|Any CPU.Build.0 = Debug|Any CPU
		{061FD1E0-D001-413A-9488-9878E7F7C0F4}.net45|Any CPU.ActiveCfg = Debug|Any CPU
		{061FD1E0-D001-413A-9488-9878E7F7C0F4}.net45|Any CPU.Build.0 = Debug|Any CPU
		{061FD1E0-D001-413A-9488-9878E7F7C0F4}.Release|Any CPU.ActiveCfg = Release|Any CPU
		{061FD1E0-D001-413A-9488-9878E7F7C0F4}.Release|Any CPU.Build.0 = Release|Any CPU
		{7DE6DD1F-F46C-45E3-B18A-8463F051934D}.Debug|Any CPU.ActiveCfg = Debug|Any CPU
		{7DE6DD1F-F46C-45E3-B18A-8463F051934D}.Debug|Any CPU.Build.0 = Debug|Any CPU
		{7DE6DD1F-F46C-45E3-B18A-8463F051934D}.Net4|Any CPU.ActiveCfg = Debug|Any CPU
		{7DE6DD1F-F46C-45E3-B18A-8463F051934D}.Net4|Any CPU.Build.0 = Debug|Any CPU
		{7DE6DD1F-F46C-45E3-B18A-8463F051934D}.net45|Any CPU.ActiveCfg = Debug|Any CPU
		{7DE6DD1F-F46C-45E3-B18A-8463F051934D}.net45|Any CPU.Build.0 = Debug|Any CPU
		{7DE6DD1F-F46C-45E3-B18A-8463F051934D}.Release|Any CPU.ActiveCfg = Release|Any CPU
		{7DE6DD1F-F46C-45E3-B18A-8463F051934D}.Release|Any CPU.Build.0 = Release|Any CPU
		{B7254AE4-C42D-4643-B986-F11521AD8B6D}.Debug|Any CPU.ActiveCfg = Debug|Any CPU
		{B7254AE4-C42D-4643-B986-F11521AD8B6D}.Debug|Any CPU.Build.0 = Debug|Any CPU
		{B7254AE4-C42D-4643-B986-F11521AD8B6D}.Net4|Any CPU.ActiveCfg = Debug|Any CPU
		{B7254AE4-C42D-4643-B986-F11521AD8B6D}.Net4|Any CPU.Build.0 = Debug|Any CPU
		{B7254AE4-C42D-4643-B986-F11521AD8B6D}.net45|Any CPU.ActiveCfg = Debug|Any CPU
		{B7254AE4-C42D-4643-B986-F11521AD8B6D}.net45|Any CPU.Build.0 = Debug|Any CPU
		{B7254AE4-C42D-4643-B986-F11521AD8B6D}.Release|Any CPU.ActiveCfg = Release|Any CPU
		{B7254AE4-C42D-4643-B986-F11521AD8B6D}.Release|Any CPU.Build.0 = Release|Any CPU
	EndGlobalSection
	GlobalSection(SolutionProperties) = preSolution
		HideSolutionNode = FALSE
	EndGlobalSection
	GlobalSection(NestedProjects) = preSolution
		{F26B60BB-8D36-4157-A04A-71DEF61F5DE5} = {2D35BDB8-3710-4FD9-B301-2DCE4C0DA736}
		{061FD1E0-D001-413A-9488-9878E7F7C0F4} = {2D35BDB8-3710-4FD9-B301-2DCE4C0DA736}
		{B7254AE4-C42D-4643-B986-F11521AD8B6D} = {2D35BDB8-3710-4FD9-B301-2DCE4C0DA736}
	EndGlobalSection
	GlobalSection(ExtensibilityGlobals) = postSolution
		SolutionGuid = {25AE896E-4AF6-4033-AF9A-A8812BA0F9EA}
	EndGlobalSection
EndGlobal
